{
  "name": "tree-sitter-pushup",
  "version": "1.0.0",
  "lockfileVersion": 3,
  "requires": true,
  "packages": {
    "": {
      "name": "tree-sitter-pushup",
      "version": "1.0.0",
      "license": "ISC",
      "dependencies": {
        "tree-sitter": "^0.21.1",
        "tree-sitter-go": "0.23.3",
        "tree-sitter-html": "0.23.2"
      },
      "devDependencies": {
        "tree-sitter-cli": "^0.24.4"
      }
    },
    "node_modules/node-addon-api": {
      "version": "8.2.2",
      "resolved": "https://registry.npmjs.org/node-addon-api/-/node-addon-api-8.2.2.tgz",
      "integrity": "sha512-9emqXAKhVoNrQ792nLI/wpzPpJ/bj/YXxW0CvAau1+RdGBcCRF1Dmz7719zgVsQNrzHl9Tzn3ImZ4qWFarWL0A==",
      "license": "MIT",
      "engines": {
        "node": "^18 || ^20 || >= 21"
      }
    },
    "node_modules/node-gyp-build": {
      "version": "4.8.2",
      "resolved": "https://registry.npmjs.org/node-gyp-build/-/node-gyp-build-4.8.2.tgz",
      "integrity": "sha512-IRUxE4BVsHWXkV/SFOut4qTlagw2aM8T5/vnTsmrHJvVoKueJHRc/JaFND7QDDc61kLYUJ6qlZM3sqTSyx2dTw==",
      "license": "MIT",
      "bin": {
        "node-gyp-build": "bin.js",
        "node-gyp-build-optional": "optional.js",
        "node-gyp-build-test": "build-test.js"
      }
    },
    "node_modules/tree-sitter": {
      "version": "0.21.1",
      "resolved": "https://registry.npmjs.org/tree-sitter/-/tree-sitter-0.21.1.tgz",
      "integrity": "sha512-7dxoA6kYvtgWw80265MyqJlkRl4yawIjO7S5MigytjELkX43fV2WsAXzsNfO7sBpPPCF5Gp0+XzHk0DwLCq3xQ==",
      "hasInstallScript": true,
      "license": "MIT",
      "dependencies": {
        "node-addon-api": "^8.0.0",
        "node-gyp-build": "^4.8.0"
      }
    },
    "node_modules/tree-sitter-cli": {
      "version": "0.24.4",
      "resolved": "https://registry.npmjs.org/tree-sitter-cli/-/tree-sitter-cli-0.24.4.tgz",
      "integrity": "sha512-I4sdtDidnujYL0tR0Re9q0UJt5KrITf2m+GMHjT4LH6IC6kpM6eLzSR7RS36Z4t5ZQBjDHvg2QUJHAWQi3P2TA==",
      "dev": true,
      "hasInstallScript": true,
      "license": "MIT",
      "bin": {
        "tree-sitter": "cli.js"
      },
      "engines": {
        "node": ">=12.0.0"
      }
    },
    "node_modules/tree-sitter-go": {
      "version": "0.23.3",
      "resolved": "https://registry.npmjs.org/tree-sitter-go/-/tree-sitter-go-0.23.3.tgz",
      "integrity": "sha512-tU6iu3+EUm9GjPmsKfW70aWK15ZltMUY0GykFTkj3Vu31tTm0O4Rd5BbWH7wWxTtLI1vcNmUGYy1h0pgRPrBLA==",
      "hasInstallScript": true,
      "license": "MIT",
      "dependencies": {
        "node-addon-api": "^8.2.1",
        "node-gyp-build": "^4.8.2"
      },
      "peerDependencies": {
        "tree-sitter": "^0.21.1"
      },
      "peerDependenciesMeta": {
        "tree-sitter": {
          "optional": true
        }
      }
    },
    "node_modules/tree-sitter-html": {
      "version": "0.23.2",
      "resolved": "https://registry.npmjs.org/tree-sitter-html/-/tree-sitter-html-0.23.2.tgz",
      "integrity": "sha512-TN+l+7cCeLx9db/1RhRSqMAZO/266Oh2BHb8J8hMSSFLuzYvFTYP/UnD3S0mny5awzw05KzFNgu2vnwzN9wVJg==",
      "hasInstallScript": true,
      "license": "MIT",
      "dependencies": {
        "node-addon-api": "^8.2.2",
        "node-gyp-build": "^4.8.2"
      },
      "peerDependencies": {
        "tree-sitter": "^0.21.1"
      },
      "peerDependenciesMeta": {
        "tree-sitter": {
          "optional": true
        }
      }
    }
  }
}
